
Microsoft Visual Studio Solution File, Format Version 12.00
# Visual Studio Version 17
VisualStudioVersion = 17.4.33103.184
MinimumVisualStudioVersion = 10.0.40219.1
Project("{9A19103F-16F7-4668-BE54-9A1E7A4F7556}") = "APIStarportGE", "APIStarportGE\APIStarportGE.csproj", "{04DC3D5D-4E91-4C07-9230-8C6C9868E509}"
EndProject
Project("{9A19103F-16F7-4668-BE54-9A1E7A4F7556}") = "APIStarportGETests", "APIStarportGETests\APIStarportGETests.csproj", "{314F8C56-2075-4948-BA29-B776600C06ED}"
EndProject
Project("{2150E333-8FDC-42A3-9474-1A3956D46DE8}") = "Solution Items", "Solution Items", "{CD582D4B-EF95-47F2-8AAA-488730F122A1}"
	ProjectSection(SolutionItems) = preProject
		.editorconfig = .editorconfig
	EndProjectSection
EndProject
Global
	GlobalSection(SolutionConfigurationPlatforms) = preSolution
		Debug|Any CPU = Debug|Any CPU
		Release|Any CPU = Release|Any CPU
	EndGlobalSection
	GlobalSection(ProjectConfigurationPlatforms) = postSolution
		{04DC3D5D-4E91-4C07-9230-8C6C9868E509}.Debug|Any CPU.ActiveCfg = Debug|Any CPU
		{04DC3D5D-4E91-4C07-9230-8C6C9868E509}.Debug|Any CPU.Build.0 = Debug|Any CPU
		{04DC3D5D-4E91-4C07-9230-8C6C9868E509}.Release|Any CPU.ActiveCfg = Release|Any CPU
		{04DC3D5D-4E91-4C07-9230-8C6C9868E509}.Release|Any CPU.Build.0 = Release|Any CPU
		{314F8C56-2075-4948-BA29-B776600C06ED}.Debug|Any CPU.ActiveCfg = Debug|Any CPU
		{314F8C56-2075-4948-BA29-B776600C06ED}.Debug|Any CPU.Build.0 = Debug|Any CPU
		{314F8C56-2075-4948-BA29-B776600C06ED}.Release|Any CPU.ActiveCfg = Release|Any CPU
		{314F8C56-2075-4948-BA29-B776600C06ED}.Release|Any CPU.Build.0 = Release|Any CPU
	EndGlobalSection
	GlobalSection(SolutionProperties) = preSolution
		HideSolutionNode = FALSE
	EndGlobalSection
	GlobalSection(ExtensibilityGlobals) = postSolution
		SolutionGuid = {4FEEF89A-0654-4546-9C98-9F8673253A32}
	EndGlobalSection
EndGlobal
